
Microsoft Visual Studio Solution File, Format Version 12.00
# Visual Studio Version 17
VisualStudioVersion = 17.0.31903.59
MinimumVisualStudioVersion = 10.0.40219.1
Project("{FAE04EC0-301F-11D3-BF4B-00C04F79EFBC}") = "Mde.WishList.Mobile.UWP", "Mde.WishList.Mobile\Mde.WishList.Mobile.UWP\Mde.WishList.Mobile.UWP.csproj", "{DB8078AB-0196-4931-B8F6-51834A0419EC}"
EndProject
Project("{FAE04EC0-301F-11D3-BF4B-00C04F79EFBC}") = "Mde.WishList.Mobile.Android", "Mde.WishList.Mobile\Mde.WishList.Mobile.Android\Mde.WishList.Mobile.Android.csproj", "{7A011A40-43F5-44FA-AE16-3C9297FFEB73}"
EndProject
Project("{FAE04EC0-301F-11D3-BF4B-00C04F79EFBC}") = "Mde.WishList.Mobile.iOS", "Mde.WishList.Mobile\Mde.WishList.Mobile.iOS\Mde.WishList.Mobile.iOS.csproj", "{BEA73EA6-69F9-4B65-A315-752E06C4A0FA}"
EndProject
Project("{FAE04EC0-301F-11D3-BF4B-00C04F79EFBC}") = "Mde.WishList.Mobile", "Mde.WishList.Mobile\Mde.WishList.Mobile\Mde.WishList.Mobile.csproj", "{92A94D9B-2278-4D60-A771-A28740B332EB}"
EndProject
Global
	GlobalSection(SolutionConfigurationPlatforms) = preSolution
		Debug|Any CPU = Debug|Any CPU
		Debug|ARM = Debug|ARM
		Debug|iPhone = Debug|iPhone
		Debug|iPhoneSimulator = Debug|iPhoneSimulator
		Debug|x64 = Debug|x64
		Debug|x86 = Debug|x86
		Release|Any CPU = Release|Any CPU
		Release|ARM = Release|ARM
		Release|iPhone = Release|iPhone
		Release|iPhoneSimulator = Release|iPhoneSimulator
		Release|x64 = Release|x64
		Release|x86 = Release|x86
	EndGlobalSection
	GlobalSection(ProjectConfigurationPlatforms) = postSolution
		{DB8078AB-0196-4931-B8F6-51834A0419EC}.Debug|Any CPU.ActiveCfg = Debug|x64
		{DB8078AB-0196-4931-B8F6-51834A0419EC}.Debug|Any CPU.Build.0 = Debug|x64
		{DB8078AB-0196-4931-B8F6-51834A0419EC}.Debug|Any CPU.Deploy.0 = Debug|x64
		{DB8078AB-0196-4931-B8F6-51834A0419EC}.Debug|ARM.ActiveCfg = Debug|ARM
		{DB8078AB-0196-4931-B8F6-51834A0419EC}.Debug|ARM.Build.0 = Debug|ARM
		{DB8078AB-0196-4931-B8F6-51834A0419EC}.Debug|ARM.Deploy.0 = Debug|ARM
		{DB8078AB-0196-4931-B8F6-51834A0419EC}.Debug|iPhone.ActiveCfg = Debug|x64
		{DB8078AB-0196-4931-B8F6-51834A0419EC}.Debug|iPhone.Build.0 = Debug|x64
		{DB8078AB-0196-4931-B8F6-51834A0419EC}.Debug|iPhone.Deploy.0 = Debug|x64
		{DB8078AB-0196-4931-B8F6-51834A0419EC}.Debug|iPhoneSimulator.ActiveCfg = Debug|x64
		{DB8078AB-0196-4931-B8F6-51834A0419EC}.Debug|iPhoneSimulator.Build.0 = Debug|x64
		{DB8078AB-0196-4931-B8F6-51834A0419EC}.Debug|iPhoneSimulator.Deploy.0 = Debug|x64
		{DB8078AB-0196-4931-B8F6-51834A0419EC}.Debug|x64.ActiveCfg = Debug|x64
		{DB8078AB-0196-4931-B8F6-51834A0419EC}.Debug|x64.Build.0 = Debug|x64
		{DB8078AB-0196-4931-B8F6-51834A0419EC}.Debug|x64.Deploy.0 = Debug|x64
		{DB8078AB-0196-4931-B8F6-51834A0419EC}.Debug|x86.ActiveCfg = Debug|x86
		{DB8078AB-0196-4931-B8F6-51834A0419EC}.Debug|x86.Build.0 = Debug|x86
		{DB8078AB-0196-4931-B8F6-51834A0419EC}.Debug|x86.Deploy.0 = Debug|x86
		{DB8078AB-0196-4931-B8F6-51834A0419EC}.Release|Any CPU.ActiveCfg = Release|x64
		{DB8078AB-0196-4931-B8F6-51834A0419EC}.Release|Any CPU.Build.0 = Release|x64
		{DB8078AB-0196-4931-B8F6-51834A0419EC}.Release|Any CPU.Deploy.0 = Release|x64
		{DB8078AB-0196-4931-B8F6-51834A0419EC}.Release|ARM.ActiveCfg = Release|ARM
		{DB8078AB-0196-4931-B8F6-51834A0419EC}.Release|ARM.Build.0 = Release|ARM
		{DB8078AB-0196-4931-B8F6-51834A0419EC}.Release|ARM.Deploy.0 = Release|ARM
		{DB8078AB-0196-4931-B8F6-51834A0419EC}.Release|iPhone.ActiveCfg = Release|x64
		{DB8078AB-0196-4931-B8F6-51834A0419EC}.Release|iPhone.Build.0 = Release|x64
		{DB8078AB-0196-4931-B8F6-51834A0419EC}.Release|iPhone.Deploy.0 = Release|x64
		{DB8078AB-0196-4931-B8F6-51834A0419EC}.Release|iPhoneSimulator.ActiveCfg = Release|x64
		{DB8078AB-0196-4931-B8F6-51834A0419EC}.Release|iPhoneSimulator.Build.0 = Release|x64
		{DB8078AB-0196-4931-B8F6-51834A0419EC}.Release|iPhoneSimulator.Deploy.0 = Release|x64
		{DB8078AB-0196-4931-B8F6-51834A0419EC}.Release|x64.ActiveCfg = Release|x64
		{DB8078AB-0196-4931-B8F6-51834A0419EC}.Release|x64.Build.0 = Release|x64
		{DB8078AB-0196-4931-B8F6-51834A0419EC}.Release|x64.Deploy.0 = Release|x64
		{DB8078AB-0196-4931-B8F6-51834A0419EC}.Release|x86.ActiveCfg = Release|x86
		{DB8078AB-0196-4931-B8F6-51834A0419EC}.Release|x86.Build.0 = Release|x86
		{DB8078AB-0196-4931-B8F6-51834A0419EC}.Release|x86.Deploy.0 = Release|x86
		{7A011A40-43F5-44FA-AE16-3C9297FFEB73}.Debug|Any CPU.ActiveCfg = Debug|Any CPU
		{7A011A40-43F5-44FA-AE16-3C9297FFEB73}.Debug|Any CPU.Build.0 = Debug|Any CPU
		{7A011A40-43F5-44FA-AE16-3C9297FFEB73}.Debug|Any CPU.Deploy.0 = Debug|Any CPU
		{7A011A40-43F5-44FA-AE16-3C9297FFEB73}.Debug|ARM.ActiveCfg = Debug|Any CPU
		{7A011A40-43F5-44FA-AE16-3C9297FFEB73}.Debug|ARM.Build.0 = Debug|Any CPU
		{7A011A40-43F5-44FA-AE16-3C9297FFEB73}.Debug|ARM.Deploy.0 = Debug|Any CPU
		{7A011A40-43F5-44FA-AE16-3C9297FFEB73}.Debug|iPhone.ActiveCfg = Debug|Any CPU
		{7A011A40-43F5-44FA-AE16-3C9297FFEB73}.Debug|iPhone.Build.0 = Debug|Any CPU
		{7A011A40-43F5-44FA-AE16-3C9297FFEB73}.Debug|iPhone.Deploy.0 = Debug|Any CPU
		{7A011A40-43F5-44FA-AE16-3C9297FFEB73}.Debug|iPhoneSimulator.ActiveCfg = Debug|Any CPU
		{7A011A40-43F5-44FA-AE16-3C9297FFEB73}.Debug|iPhoneSimulator.Build.0 = Debug|Any CPU
		{7A011A40-43F5-44FA-AE16-3C9297FFEB73}.Debug|iPhoneSimulator.Deploy.0 = Debug|Any CPU
		{7A011A40-43F5-44FA-AE16-3C9297FFEB73}.Debug|x64.ActiveCfg = Debug|Any CPU
		{7A011A40-43F5-44FA-AE16-3C9297FFEB73}.Debug|x64.Build.0 = Debug|Any CPU
		{7A011A40-43F5-44FA-AE16-3C9297FFEB73}.Debug|x64.Deploy.0 = Debug|Any CPU
		{7A011A40-43F5-44FA-AE16-3C9297FFEB73}.Debug|x86.ActiveCfg = Debug|Any CPU
		{7A011A40-43F5-44FA-AE16-3C9297FFEB73}.Debug|x86.Build.0 = Debug|Any CPU
		{7A011A40-43F5-44FA-AE16-3C9297FFEB73}.Debug|x86.Deploy.0 = Debug|Any CPU
		{7A011A40-43F5-44FA-AE16-3C9297FFEB73}.Release|Any CPU.ActiveCfg = Release|Any CPU
		{7A011A40-43F5-44FA-AE16-3C9297FFEB73}.Release|Any CPU.Build.0 = Release|Any CPU
		{7A011A40-43F5-44FA-AE16-3C9297FFEB73}.Release|Any CPU.Deploy.0 = Release|Any CPU
		{7A011A40-43F5-44FA-AE16-3C9297FFEB73}.Release|ARM.ActiveCfg = Release|Any CPU
		{7A011A40-43F5-44FA-AE16-3C9297FFEB73}.Release|ARM.Build.0 = Release|Any CPU
		{7A011A40-43F5-44FA-AE16-3C9297FFEB73}.Release|ARM.Deploy.0 = Release|Any CPU
		{7A011A40-43F5-44FA-AE16-3C9297FFEB73}.Release|iPhone.ActiveCfg = Release|Any CPU
		{7A011A40-43F5-44FA-AE16-3C9297FFEB73}.Release|iPhone.Build.0 = Release|Any CPU
		{7A011A40-43F5-44FA-AE16-3C9297FFEB73}.Release|iPhone.Deploy.0 = Release|Any CPU
		{7A011A40-43F5-44FA-AE16-3C9297FFEB73}.Release|iPhoneSimulator.ActiveCfg = Release|Any CPU
		{7A011A40-43F5-44FA-AE16-3C9297FFEB73}.Release|iPhoneSimulator.Build.0 = Release|Any CPU
		{7A011A40-43F5-44FA-AE16-3C9297FFEB73}.Release|iPhoneSimulator.Deploy.0 = Release|Any CPU
		{7A011A40-43F5-44FA-AE16-3C9297FFEB73}.Release|x64.ActiveCfg = Release|Any CPU
		{7A011A40-43F5-44FA-AE16-3C9297FFEB73}.Release|x64.Build.0 = Release|Any CPU
		{7A011A40-43F5-44FA-AE16-3C9297FFEB73}.Release|x64.Deploy.0 = Release|Any CPU
		{7A011A40-43F5-44FA-AE16-3C9297FFEB73}.Release|x86.ActiveCfg = Release|Any CPU
		{7A011A40-43F5-44FA-AE16-3C9297FFEB73}.Release|x86.Build.0 = Release|Any CPU
		{7A011A40-43F5-44FA-AE16-3C9297FFEB73}.Release|x86.Deploy.0 = Release|Any CPU
		{BEA73EA6-69F9-4B65-A315-752E06C4A0FA}.Debug|Any CPU.ActiveCfg = Debug|iPhoneSimulator
		{BEA73EA6-69F9-4B65-A315-752E06C4A0FA}.Debug|Any CPU.Build.0 = Debug|iPhoneSimulator
		{BEA73EA6-69F9-4B65-A315-752E06C4A0FA}.Debug|Any CPU.Deploy.0 = Debug|iPhoneSimulator
		{BEA73EA6-69F9-4B65-A315-752E06C4A0FA}.Debug|ARM.ActiveCfg = Debug|iPhoneSimulator
		{BEA73EA6-69F9-4B65-A315-752E06C4A0FA}.Debug|ARM.Build.0 = Debug|iPhoneSimulator
		{BEA73EA6-69F9-4B65-A315-752E06C4A0FA}.Debug|ARM.Deploy.0 = Debug|iPhoneSimulator
		{BEA73EA6-69F9-4B65-A315-752E06C4A0FA}.Debug|iPhone.ActiveCfg = Debug|iPhone
		{BEA73EA6-69F9-4B65-A315-752E06C4A0FA}.Debug|iPhone.Build.0 = Debug|iPhone
		{BEA73EA6-69F9-4B65-A315-752E06C4A0FA}.Debug|iPhone.Deploy.0 = Debug|iPhone
		{BEA73EA6-69F9-4B65-A315-752E06C4A0FA}.Debug|iPhoneSimulator.ActiveCfg = Debug|iPhoneSimulator
		{BEA73EA6-69F9-4B65-A315-752E06C4A0FA}.Debug|iPhoneSimulator.Build.0 = Debug|iPhoneSimulator
		{BEA73EA6-69F9-4B65-A315-752E06C4A0FA}.Debug|iPhoneSimulator.Deploy.0 = Debug|iPhoneSimulator
		{BEA73EA6-69F9-4B65-A315-752E06C4A0FA}.Debug|x64.ActiveCfg = Debug|iPhone
		{BEA73EA6-69F9-4B65-A315-752E06C4A0FA}.Debug|x64.Build.0 = Debug|iPhone
		{BEA73EA6-69F9-4B65-A315-752E06C4A0FA}.Debug|x64.Deploy.0 = Debug|iPhone
		{BEA73EA6-69F9-4B65-A315-752E06C4A0FA}.Debug|x86.ActiveCfg = Debug|iPhoneSimulator
		{BEA73EA6-69F9-4B65-A315-752E06C4A0FA}.Debug|x86.Build.0 = Debug|iPhoneSimulator
		{BEA73EA6-69F9-4B65-A315-752E06C4A0FA}.Debug|x86.Deploy.0 = Debug|iPhoneSimulator
		{BEA73EA6-69F9-4B65-A315-752E06C4A0FA}.Release|Any CPU.ActiveCfg = Release|iPhoneSimulator
		{BEA73EA6-69F9-4B65-A315-752E06C4A0FA}.Release|Any CPU.Build.0 = Release|iPhoneSimulator
		{BEA73EA6-69F9-4B65-A315-752E06C4A0FA}.Release|Any CPU.Deploy.0 = Release|iPhoneSimulator
		{BEA73EA6-69F9-4B65-A315-752E06C4A0FA}.Release|ARM.ActiveCfg = Release|iPhoneSimulator
		{BEA73EA6-69F9-4B65-A315-752E06C4A0FA}.Release|ARM.Build.0 = Release|iPhoneSimulator
		{BEA73EA6-69F9-4B65-A315-752E06C4A0FA}.Release|ARM.Deploy.0 = Release|iPhoneSimulator
		{BEA73EA6-69F9-4B65-A315-752E06C4A0FA}.Release|iPhone.ActiveCfg = Release|iPhone
		{BEA73EA6-69F9-4B65-A315-752E06C4A0FA}.Release|iPhone.Build.0 = Release|iPhone
		{BEA73EA6-69F9-4B65-A315-752E06C4A0FA}.Release|iPhone.Deploy.0 = Release|iPhone
		{BEA73EA6-69F9-4B65-A315-752E06C4A0FA}.Release|iPhoneSimulator.ActiveCfg = Release|iPhoneSimulator
		{BEA73EA6-69F9-4B65-A315-752E06C4A0FA}.Release|iPhoneSimulator.Build.0 = Release|iPhoneSimulator
		{BEA73EA6-69F9-4B65-A315-752E06C4A0FA}.Release|iPhoneSimulator.Deploy.0 = Release|iPhoneSimulator
		{BEA73EA6-69F9-4B65-A315-752E06C4A0FA}.Release|x64.ActiveCfg = Release|iPhoneSimulator
		{BEA73EA6-69F9-4B65-A315-752E06C4A0FA}.Release|x64.Build.0 = Release|iPhoneSimulator
		{BEA73EA6-69F9-4B65-A315-752E06C4A0FA}.Release|x64.Deploy.0 = Release|iPhoneSimulator
		{BEA73EA6-69F9-4B65-A315-752E06C4A0FA}.Release|x86.ActiveCfg = Release|iPhoneSimulator
		{BEA73EA6-69F9-4B65-A315-752E06C4A0FA}.Release|x86.Build.0 = Release|iPhoneSimulator
		{BEA73EA6-69F9-4B65-A315-752E06C4A0FA}.Release|x86.Deploy.0 = Release|iPhoneSimulator
		{92A94D9B-2278-4D60-A771-A28740B332EB}.Debug|Any CPU.ActiveCfg = Debug|Any CPU
		{92A94D9B-2278-4D60-A771-A28740B332EB}.Debug|Any CPU.Build.0 = Debug|Any CPU
		{92A94D9B-2278-4D60-A771-A28740B332EB}.Debug|Any CPU.Deploy.0 = Debug|Any CPU
		{92A94D9B-2278-4D60-A771-A28740B332EB}.Debug|ARM.ActiveCfg = Debug|Any CPU
		{92A94D9B-2278-4D60-A771-A28740B332EB}.Debug|ARM.Build.0 = Debug|Any CPU
		{92A94D9B-2278-4D60-A771-A28740B332EB}.Debug|ARM.Deploy.0 = Debug|Any CPU
		{92A94D9B-2278-4D60-A771-A28740B332EB}.Debug|iPhone.ActiveCfg = Debug|Any CPU
		{92A94D9B-2278-4D60-A771-A28740B332EB}.Debug|iPhone.Build.0 = Debug|Any CPU
		{92A94D9B-2278-4D60-A771-A28740B332EB}.Debug|iPhone.Deploy.0 = Debug|Any CPU
		{92A94D9B-2278-4D60-A771-A28740B332EB}.Debug|iPhoneSimulator.ActiveCfg = Debug|Any CPU
		{92A94D9B-2278-4D60-A771-A28740B332EB}.Debug|iPhoneSimulator.Build.0 = Debug|Any CPU
		{92A94D9B-2278-4D60-A771-A28740B332EB}.Debug|iPhoneSimulator.Deploy.0 = Debug|Any CPU
		{92A94D9B-2278-4D60-A771-A28740B332EB}.Debug|x64.ActiveCfg = Debug|Any CPU
		{92A94D9B-2278-4D60-A771-A28740B332EB}.Debug|x64.Build.0 = Debug|Any CPU
		{92A94D9B-2278-4D60-A771-A28740B332EB}.Debug|x64.Deploy.0 = Debug|Any CPU
		{92A94D9B-2278-4D60-A771-A28740B332EB}.Debug|x86.ActiveCfg = Debug|Any CPU
		{92A94D9B-2278-4D60-A771-A28740B332EB}.Debug|x86.Build.0 = Debug|Any CPU
		{92A94D9B-2278-4D60-A771-A28740B332EB}.Debug|x86.Deploy.0 = Debug|Any CPU
		{92A94D9B-2278-4D60-A771-A28740B332EB}.Release|Any CPU.ActiveCfg = Release|Any CPU
		{92A94D9B-2278-4D60-A771-A28740B332EB}.Release|Any CPU.Build.0 = Release|Any CPU
		{92A94D9B-2278-4D60-A771-A28740B332EB}.Release|Any CPU.Deploy.0 = Release|Any CPU
		{92A94D9B-2278-4D60-A771-A28740B332EB}.Release|ARM.ActiveCfg = Release|Any CPU
		{92A94D9B-2278-4D60-A771-A28740B332EB}.Release|ARM.Build.0 = Release|Any CPU
		{92A94D9B-2278-4D60-A771-A28740B332EB}.Release|ARM.Deploy.0 = Release|Any CPU
		{92A94D9B-2278-4D60-A771-A28740B332EB}.Release|iPhone.ActiveCfg = Release|Any CPU
		{92A94D9B-2278-4D60-A771-A28740B332EB}.Release|iPhone.Build.0 = Release|Any CPU
		{92A94D9B-2278-4D60-A771-A28740B332EB}.Release|iPhone.Deploy.0 = Release|Any CPU
		{92A94D9B-2278-4D60-A771-A28740B332EB}.Release|iPhoneSimulator.ActiveCfg = Release|Any CPU
		{92A94D9B-2278-4D60-A771-A28740B332EB}.Release|iPhoneSimulator.Build.0 = Release|Any CPU
		{92A94D9B-2278-4D60-A771-A28740B332EB}.Release|iPhoneSimulator.Deploy.0 = Release|Any CPU
		{92A94D9B-2278-4D60-A771-A28740B332EB}.Release|x64.ActiveCfg = Release|Any CPU
		{92A94D9B-2278-4D60-A771-A28740B332EB}.Release|x64.Build.0 = Release|Any CPU
		{92A94D9B-2278-4D60-A771-A28740B332EB}.Release|x64.Deploy.0 = Release|Any CPU
		{92A94D9B-2278-4D60-A771-A28740B332EB}.Release|x86.ActiveCfg = Release|Any CPU
		{92A94D9B-2278-4D60-A771-A28740B332EB}.Release|x86.Build.0 = Release|Any CPU
		{92A94D9B-2278-4D60-A771-A28740B332EB}.Release|x86.Deploy.0 = Release|Any CPU
	EndGlobalSection
	GlobalSection(SolutionProperties) = preSolution
		HideSolutionNode = FALSE
	EndGlobalSection
	GlobalSection(ExtensibilityGlobals) = postSolution
		SolutionGuid = {D60AD149-A8CD-448F-8334-BFAD339A270C}
	EndGlobalSection
EndGlobal
